// !$*UTF8*$!
{
	archiveVersion = 1;
	classes = {
	};
	objectVersion = 50;
	objects = {

/* Begin PBXBuildFile section */
		49B774872350752A0048833A /* AppDelegate.swift in Sources */ = {isa = PBXBuildFile; fileRef = 49B774862350752A0048833A /* AppDelegate.swift */; };
		49B774892350752A0048833A /* SceneDelegate.swift in Sources */ = {isa = PBXBuildFile; fileRef = 49B774882350752A0048833A /* SceneDelegate.swift */; };
		49B7748C2350752A0048833A /* swiftui_tutorials.xcdatamodeld in Sources */ = {isa = PBXBuildFile; fileRef = 49B7748A2350752A0048833A /* swiftui_tutorials.xcdatamodeld */; };
		49B7748E2350752A0048833A /* ContentView.swift in Sources */ = {isa = PBXBuildFile; fileRef = 49B7748D2350752A0048833A /* ContentView.swift */; };
		49B774902350752C0048833A /* Assets.xcassets in Resources */ = {isa = PBXBuildFile; fileRef = 49B7748F2350752C0048833A /* Assets.xcassets */; };
		49B774932350752C0048833A /* Preview Assets.xcassets in Resources */ = {isa = PBXBuildFile; fileRef = 49B774922350752C0048833A /* Preview Assets.xcassets */; };
		49B774962350752C0048833A /* LaunchScreen.storyboard in Resources */ = {isa = PBXBuildFile; fileRef = 49B774942350752C0048833A /* LaunchScreen.storyboard */; };
		49B774A12350752C0048833A /* swiftui_tutorialsTests.swift in Sources */ = {isa = PBXBuildFile; fileRef = 49B774A02350752C0048833A /* swiftui_tutorialsTests.swift */; };
		49B774AC2350752C0048833A /* swiftui_tutorialsUITests.swift in Sources */ = {isa = PBXBuildFile; fileRef = 49B774AB2350752C0048833A /* swiftui_tutorialsUITests.swift */; };
		49B774BA2351439D0048833A /* CircleImage.swift in Sources */ = {isa = PBXBuildFile; fileRef = 49B774B92351439D0048833A /* CircleImage.swift */; };
/* End PBXBuildFile section */

/* Begin PBXContainerItemProxy section */
		49B7749D2350752C0048833A /* PBXContainerItemProxy */ = {
			isa = PBXContainerItemProxy;
			containerPortal = 49B7747B2350752A0048833A /* Project object */;
			proxyType = 1;
			remoteGlobalIDString = 49B774822350752A0048833A;
			remoteInfo = "swiftui-tutorials";
		};
		49B774A82350752C0048833A /* PBXContainerItemProxy */ = {
			isa = PBXContainerItemProxy;
			containerPortal = 49B7747B2350752A0048833A /* Project object */;
			proxyType = 1;
			remoteGlobalIDString = 49B774822350752A0048833A;
			remoteInfo = "swiftui-tutorials";
		};
/* End PBXContainerItemProxy section */

/* Begin PBXFileReference section */
		49B774832350752A0048833A /* swiftui-tutorials.app */ = {isa = PBXFileReference; explicitFileType = wrapper.application; includeInIndex = 0; path = "swiftui-tutorials.app"; sourceTree = BUILT_PRODUCTS_DIR; };
		49B774862350752A0048833A /* AppDelegate.swift */ = {isa = PBXFileReference; lastKnownFileType = sourcecode.swift; path = AppDelegate.swift; sourceTree = "<group>"; };
		49B774882350752A0048833A /* SceneDelegate.swift */ = {isa = PBXFileReference; lastKnownFileType = sourcecode.swift; path = SceneDelegate.swift; sourceTree = "<group>"; };
		49B7748B2350752A0048833A /* swiftui_tutorials.xcdatamodel */ = {isa = PBXFileReference; lastKnownFileType = wrapper.xcdatamodel; path = swiftui_tutorials.xcdatamodel; sourceTree = "<group>"; };
		49B7748D2350752A0048833A /* ContentView.swift */ = {isa = PBXFileReference; lastKnownFileType = sourcecode.swift; path = ContentView.swift; sourceTree = "<group>"; };
		49B7748F2350752C0048833A /* Assets.xcassets */ = {isa = PBXFileReference; lastKnownFileType = folder.assetcatalog; path = Assets.xcassets; sourceTree = "<group>"; };
		49B774922350752C0048833A /* Preview Assets.xcassets */ = {isa = PBXFileReference; lastKnownFileType = folder.assetcatalog; path = "Preview Assets.xcassets"; sourceTree = "<group>"; };
		49B774952350752C0048833A /* Base */ = {isa = PBXFileReference; lastKnownFileType = file.storyboard; name = Base; path = Base.lproj/LaunchScreen.storyboard; sourceTree = "<group>"; };
		49B774972350752C0048833A /* Info.plist */ = {isa = PBXFileReference; lastKnownFileType = text.plist.xml; path = Info.plist; sourceTree = "<group>"; };
		49B7749C2350752C0048833A /* swiftui-tutorialsTests.xctest */ = {isa = PBXFileReference; explicitFileType = wrapper.cfbundle; includeInIndex = 0; path = "swiftui-tutorialsTests.xctest"; sourceTree = BUILT_PRODUCTS_DIR; };
		49B774A02350752C0048833A /* swiftui_tutorialsTests.swift */ = {isa = PBXFileReference; lastKnownFileType = sourcecode.swift; path = swiftui_tutorialsTests.swift; sourceTree = "<group>"; };
		49B774A22350752C0048833A /* Info.plist */ = {isa = PBXFileReference; lastKnownFileType = text.plist.xml; path = Info.plist; sourceTree = "<group>"; };
		49B774A72350752C0048833A /* swiftui-tutorialsUITests.xctest */ = {isa = PBXFileReference; explicitFileType = wrapper.cfbundle; includeInIndex = 0; path = "swiftui-tutorialsUITests.xctest"; sourceTree = BUILT_PRODUCTS_DIR; };
		49B774AB2350752C0048833A /* swiftui_tutorialsUITests.swift */ = {isa = PBXFileReference; lastKnownFileType = sourcecode.swift; path = swiftui_tutorialsUITests.swift; sourceTree = "<group>"; };
		49B774AD2350752C0048833A /* Info.plist */ = {isa = PBXFileReference; lastKnownFileType = text.plist.xml; path = Info.plist; sourceTree = "<group>"; };
		49B774B92351439D0048833A /* CircleImage.swift */ = {isa = PBXFileReference; lastKnownFileType = sourcecode.swift; path = CircleImage.swift; sourceTree = "<group>"; };
/* End PBXFileReference section */

/* Begin PBXFrameworksBuildPhase section */
		49B774802350752A0048833A /* Frameworks */ = {
			isa = PBXFrameworksBuildPhase;
			buildActionMask = 2147483647;
			files = (
			);
			runOnlyForDeploymentPostprocessing = 0;
		};
		49B774992350752C0048833A /* Frameworks */ = {
			isa = PBXFrameworksBuildPhase;
			buildActionMask = 2147483647;
			files = (
			);
			runOnlyForDeploymentPostprocessing = 0;
		};
		49B774A42350752C0048833A /* Frameworks */ = {
			isa = PBXFrameworksBuildPhase;
			buildActionMask = 2147483647;
			files = (
			);
			runOnlyForDeploymentPostprocessing = 0;
		};
/* End PBXFrameworksBuildPhase section */

/* Begin PBXGroup section */
		49B7747A2350752A0048833A = {
			isa = PBXGroup;
			children = (
				49B774852350752A0048833A /* swiftui-tutorials */,
				49B7749F2350752C0048833A /* swiftui-tutorialsTests */,
				49B774AA2350752C0048833A /* swiftui-tutorialsUITests */,
				49B774842350752A0048833A /* Products */,
			);
			sourceTree = "<group>";
		};
		49B774842350752A0048833A /* Products */ = {
			isa = PBXGroup;
			children = (
				49B774832350752A0048833A /* swiftui-tutorials.app */,
				49B7749C2350752C0048833A /* swiftui-tutorialsTests.xctest */,
				49B774A72350752C0048833A /* swiftui-tutorialsUITests.xctest */,
			);
			name = Products;
			sourceTree = "<group>";
		};
		49B774852350752A0048833A /* swiftui-tutorials */ = {
			isa = PBXGroup;
			children = (
				49B774862350752A0048833A /* AppDelegate.swift */,
				49B774882350752A0048833A /* SceneDelegate.swift */,
				49B7748D2350752A0048833A /* ContentView.swift */,
				49B7748F2350752C0048833A /* Assets.xcassets */,
				49B774B92351439D0048833A /* CircleImage.swift */,
				49B774942350752C0048833A /* LaunchScreen.storyboard */,
				49B774972350752C0048833A /* Info.plist */,
				49B7748A2350752A0048833A /* swiftui_tutorials.xcdatamodeld */,
				49B774912350752C0048833A /* Preview Content */,
			);
			path = "swiftui-tutorials";
			sourceTree = "<group>";
		};
		49B774912350752C0048833A /* Preview Content */ = {
			isa = PBXGroup;
			children = (
				49B774922350752C0048833A /* Preview Assets.xcassets */,
			);
			path = "Preview Content";
			sourceTree = "<group>";
		};
		49B7749F2350752C0048833A /* swiftui-tutorialsTests */ = {
			isa = PBXGroup;
			children = (
				49B774A02350752C0048833A /* swiftui_tutorialsTests.swift */,
				49B774A22350752C0048833A /* Info.plist */,
			);
			path = "swiftui-tutorialsTests";
			sourceTree = "<group>";
		};
		49B774AA2350752C0048833A /* swiftui-tutorialsUITests */ = {
			isa = PBXGroup;
			children = (
				49B774AB2350752C0048833A /* swiftui_tutorialsUITests.swift */,
				49B774AD2350752C0048833A /* Info.plist */,
			);
			path = "swiftui-tutorialsUITests";
			sourceTree = "<group>";
		};
/* End PBXGroup section */

/* Begin PBXNativeTarget section */
		49B774822350752A0048833A /* swiftui-tutorials */ = {
			isa = PBXNativeTarget;
			buildConfigurationList = 49B774B02350752C0048833A /* Build configuration list for PBXNativeTarget "swiftui-tutorials" */;
			buildPhases = (
				49B7747F2350752A0048833A /* Sources */,
				49B774802350752A0048833A /* Frameworks */,
				49B774812350752A0048833A /* Resources */,
			);
			buildRules = (
			);
			dependencies = (
			);
			name = "swiftui-tutorials";
			productName = "swiftui-tutorials";
			productReference = 49B774832350752A0048833A /* swiftui-tutorials.app */;
			productType = "com.apple.product-type.application";
		};
		49B7749B2350752C0048833A /* swiftui-tutorialsTests */ = {
			isa = PBXNativeTarget;
			buildConfigurationList = 49B774B32350752C0048833A /* Build configuration list for PBXNativeTarget "swiftui-tutorialsTests" */;
			buildPhases = (
				49B774982350752C0048833A /* Sources */,
				49B774992350752C0048833A /* Frameworks */,
				49B7749A2350752C0048833A /* Resources */,
			);
			buildRules = (
			);
			dependencies = (
				49B7749E2350752C0048833A /* PBXTargetDependency */,
			);
			name = "swiftui-tutorialsTests";
			productName = "swiftui-tutorialsTests";
			productReference = 49B7749C2350752C0048833A /* swiftui-tutorialsTests.xctest */;
			productType = "com.apple.product-type.bundle.unit-test";
		};
		49B774A62350752C0048833A /* swiftui-tutorialsUITests */ = {
			isa = PBXNativeTarget;
			buildConfigurationList = 49B774B62350752C0048833A /* Build configuration list for PBXNativeTarget "swiftui-tutorialsUITests" */;
			buildPhases = (
				49B774A32350752C0048833A /* Sources */,
				49B774A42350752C0048833A /* Frameworks */,
				49B774A52350752C0048833A /* Resources */,
			);
			buildRules = (
			);
			dependencies = (
				49B774A92350752C0048833A /* PBXTargetDependency */,
			);
			name = "swiftui-tutorialsUITests";
			productName = "swiftui-tutorialsUITests";
			productReference = 49B774A72350752C0048833A /* swiftui-tutorialsUITests.xctest */;
			productType = "com.apple.product-type.bundle.ui-testing";
		};
/* End PBXNativeTarget section */

/* Begin PBXProject section */
		49B7747B2350752A0048833A /* Project object */ = {
			isa = PBXProject;
			attributes = {
				LastSwiftUpdateCheck = 1110;
				LastUpgradeCheck = 1110;
				ORGANIZATIONNAME = "Yota Suzuki";
				TargetAttributes = {
					49B774822350752A0048833A = {
						CreatedOnToolsVersion = 11.1;
					};
					49B7749B2350752C0048833A = {
						CreatedOnToolsVersion = 11.1;
						TestTargetID = 49B774822350752A0048833A;
					};
					49B774A62350752C0048833A = {
						CreatedOnToolsVersion = 11.1;
						TestTargetID = 49B774822350752A0048833A;
					};
				};
			};
			buildConfigurationList = 49B7747E2350752A0048833A /* Build configuration list for PBXProject "swiftui-tutorials" */;
			compatibilityVersion = "Xcode 9.3";
			developmentRegion = en;
			hasScannedForEncodings = 0;
			knownRegions = (
				en,
				Base,
			);
			mainGroup = 49B7747A2350752A0048833A;
			productRefGroup = 49B774842350752A0048833A /* Products */;
			projectDirPath = "";
			projectRoot = "";
			targets = (
				49B774822350752A0048833A /* swiftui-tutorials */,
				49B7749B2350752C0048833A /* swiftui-tutorialsTests */,
				49B774A62350752C0048833A /* swiftui-tutorialsUITests */,
			);
		};
/* End PBXProject section */

/* Begin PBXResourcesBuildPhase section */
		49B774812350752A0048833A /* Resources */ = {
			isa = PBXResourcesBuildPhase;
			buildActionMask = 2147483647;
			files = (
				49B774962350752C0048833A /* LaunchScreen.storyboard in Resources */,
				49B774932350752C0048833A /* Preview Assets.xcassets in Resources */,
				49B774902350752C0048833A /* Assets.xcassets in Resources */,
			);
			runOnlyForDeploymentPostprocessing = 0;
		};
		49B7749A2350752C0048833A /* Resources */ = {
			isa = PBXResourcesBuildPhase;
			buildActionMask = 2147483647;
			files = (
			);
			runOnlyForDeploymentPostprocessing = 0;
		};
		49B774A52350752C0048833A /* Resources */ = {
			isa = PBXResourcesBuildPhase;
			buildActionMask = 2147483647;
			files = (
			);
			runOnlyForDeploymentPostprocessing = 0;
		};
/* End PBXResourcesBuildPhase section */

/* Begin PBXSourcesBuildPhase section */
		49B7747F2350752A0048833A /* Sources */ = {
			isa = PBXSourcesBuildPhase;
			buildActionMask = 2147483647;
			files = (
				49B774872350752A0048833A /* AppDelegate.swift in Sources */,
				49B774892350752A0048833A /* SceneDelegate.swift in Sources */,
				49B7748E2350752A0048833A /* ContentView.swift in Sources */,
				49B7748C2350752A0048833A /* swiftui_tutorials.xcdatamodeld in Sources */,
				49B774BA2351439D0048833A /* CircleImage.swift in Sources */,
			);
			runOnlyForDeploymentPostprocessing = 0;
		};
		49B774982350752C0048833A /* Sources */ = {
			isa = PBXSourcesBuildPhase;
			buildActionMask = 2147483647;
			files = (
				49B774A12350752C0048833A /* swiftui_tutorialsTests.swift in Sources */,
			);
			runOnlyForDeploymentPostprocessing = 0;
		};
		49B774A32350752C0048833A /* Sources */ = {
			isa = PBXSourcesBuildPhase;
			buildActionMask = 2147483647;
			files = (
				49B774AC2350752C0048833A /* swiftui_tutorialsUITests.swift in Sources */,
			);
			runOnlyForDeploymentPostprocessing = 0;
		};
/* End PBXSourcesBuildPhase section */

/* Begin PBXTargetDependency section */
		49B7749E2350752C0048833A /* PBXTargetDependency */ = {
			isa = PBXTargetDependency;
			target = 49B774822350752A0048833A /* swiftui-tutorials */;
			targetProxy = 49B7749D2350752C0048833A /* PBXContainerItemProxy */;
		};
		49B774A92350752C0048833A /* PBXTargetDependency */ = {
			isa = PBXTargetDependency;
			target = 49B774822350752A0048833A /* swiftui-tutorials */;
			targetProxy = 49B774A82350752C0048833A /* PBXContainerItemProxy */;
		};
/* End PBXTargetDependency section */

/* Begin PBXVariantGroup section */
		49B774942350752C0048833A /* LaunchScreen.storyboard */ = {
			isa = PBXVariantGroup;
			children = (
				49B774952350752C0048833A /* Base */,
			);
			name = LaunchScreen.storyboard;
			sourceTree = "<group>";
		};
/* End PBXVariantGroup section */

/* Begin XCBuildConfiguration section */
		49B774AE2350752C0048833A /* Debug */ = {
			isa = XCBuildConfiguration;
			buildSettings = {
				ALWAYS_SEARCH_USER_PATHS = NO;
				CLANG_ANALYZER_NONNULL = YES;
				CLANG_ANALYZER_NUMBER_OBJECT_CONVERSION = YES_AGGRESSIVE;
				CLANG_CXX_LANGUAGE_STANDARD = "gnu++14";
				CLANG_CXX_LIBRARY = "libc++";
				CLANG_ENABLE_MODULES = YES;
				CLANG_ENABLE_OBJC_ARC = YES;
				CLANG_ENABLE_OBJC_WEAK = YES;
				CLANG_WARN_BLOCK_CAPTURE_AUTORELEASING = YES;
				CLANG_WARN_BOOL_CONVERSION = YES;
				CLANG_WARN_COMMA = YES;
				CLANG_WARN_CONSTANT_CONVERSION = YES;
				CLANG_WARN_DEPRECATED_OBJC_IMPLEMENTATIONS = YES;
				CLANG_WARN_DIRECT_OBJC_ISA_USAGE = YES_ERROR;
				CLANG_WARN_DOCUMENTATION_COMMENTS = YES;
				CLANG_WARN_EMPTY_BODY = YES;
				CLANG_WARN_ENUM_CONVERSION = YES;
				CLANG_WARN_INFINITE_RECURSION = YES;
				CLANG_WARN_INT_CONVERSION = YES;
				CLANG_WARN_NON_LITERAL_NULL_CONVERSION = YES;
				CLANG_WARN_OBJC_IMPLICIT_RETAIN_SELF = YES;
				CLANG_WARN_OBJC_LITERAL_CONVERSION = YES;
				CLANG_WARN_OBJC_ROOT_CLASS = YES_ERROR;
				CLANG_WARN_RANGE_LOOP_ANALYSIS = YES;
				CLANG_WARN_STRICT_PROTOTYPES = YES;
				CLANG_WARN_SUSPICIOUS_MOVE = YES;
				CLANG_WARN_UNGUARDED_AVAILABILITY = YES_AGGRESSIVE;
				CLANG_WARN_UNREACHABLE_CODE = YES;
				CLANG_WARN__DUPLICATE_METHOD_MATCH = YES;
				COPY_PHASE_STRIP = NO;
				DEBUG_INFORMATION_FORMAT = dwarf;
				ENABLE_STRICT_OBJC_MSGSEND = YES;
				ENABLE_TESTABILITY = YES;
				GCC_C_LANGUAGE_STANDARD = gnu11;
				GCC_DYNAMIC_NO_PIC = NO;
				GCC_NO_COMMON_BLOCKS = YES;
				GCC_OPTIMIZATION_LEVEL = 0;
				GCC_PREPROCESSOR_DEFINITIONS = (
					"DEBUG=1",
					"$(inherited)",
				);
				GCC_WARN_64_TO_32_BIT_CONVERSION = YES;
				GCC_WARN_ABOUT_RETURN_TYPE = YES_ERROR;
				GCC_WARN_UNDECLARED_SELECTOR = YES;
				GCC_WARN_UNINITIALIZED_AUTOS = YES_AGGRESSIVE;
				GCC_WARN_UNUSED_FUNCTION = YES;
				GCC_WARN_UNUSED_VARIABLE = YES;
				IPHONEOS_DEPLOYMENT_TARGET = 13.1;
				MTL_ENABLE_DEBUG_INFO = INCLUDE_SOURCE;
				MTL_FAST_MATH = YES;
				ONLY_ACTIVE_ARCH = YES;
				SDKROOT = iphoneos;
				SWIFT_ACTIVE_COMPILATION_CONDITIONS = DEBUG;
				SWIFT_OPTIMIZATION_LEVEL = "-Onone";
			};
			name = Debug;
		};
		49B774AF2350752C0048833A /* Release */ = {
			isa = XCBuildConfiguration;
			buildSettings = {
				ALWAYS_SEARCH_USER_PATHS = NO;
				CLANG_ANALYZER_NONNULL = YES;
				CLANG_ANALYZER_NUMBER_OBJECT_CONVERSION = YES_AGGRESSIVE;
				CLANG_CXX_LANGUAGE_STANDARD = "gnu++14";
				CLANG_CXX_LIBRARY = "libc++";
				CLANG_ENABLE_MODULES = YES;
				CLANG_ENABLE_OBJC_ARC = YES;
				CLANG_ENABLE_OBJC_WEAK = YES;
				CLANG_WARN_BLOCK_CAPTURE_AUTORELEASING = YES;
				CLANG_WARN_BOOL_CONVERSION = YES;
				CLANG_WARN_COMMA = YES;
				CLANG_WARN_CONSTANT_CONVERSION = YES;
				CLANG_WARN_DEPRECATED_OBJC_IMPLEMENTATIONS = YES;
				CLANG_WARN_DIRECT_OBJC_ISA_USAGE = YES_ERROR;
				CLANG_WARN_DOCUMENTATION_COMMENTS = YES;
				CLANG_WARN_EMPTY_BODY = YES;
				CLANG_WARN_ENUM_CONVERSION = YES;
				CLANG_WARN_INFINITE_RECURSION = YES;
				CLANG_WARN_INT_CONVERSION = YES;
				CLANG_WARN_NON_LITERAL_NULL_CONVERSION = YES;
				CLANG_WARN_OBJC_IMPLICIT_RETAIN_SELF = YES;
				CLANG_WARN_OBJC_LITERAL_CONVERSION = YES;
				CLANG_WARN_OBJC_ROOT_CLASS = YES_ERROR;
				CLANG_WARN_RANGE_LOOP_ANALYSIS = YES;
				CLANG_WARN_STRICT_PROTOTYPES = YES;
				CLANG_WARN_SUSPICIOUS_MOVE = YES;
				CLANG_WARN_UNGUARDED_AVAILABILITY = YES_AGGRESSIVE;
				CLANG_WARN_UNREACHABLE_CODE = YES;
				CLANG_WARN__DUPLICATE_METHOD_MATCH = YES;
				COPY_PHASE_STRIP = NO;
				DEBUG_INFORMATION_FORMAT = "dwarf-with-dsym";
				ENABLE_NS_ASSERTIONS = NO;
				ENABLE_STRICT_OBJC_MSGSEND = YES;
				GCC_C_LANGUAGE_STANDARD = gnu11;
				GCC_NO_COMMON_BLOCKS = YES;
				GCC_WARN_64_TO_32_BIT_CONVERSION = YES;
				GCC_WARN_ABOUT_RETURN_TYPE = YES_ERROR;
				GCC_WARN_UNDECLARED_SELECTOR = YES;
				GCC_WARN_UNINITIALIZED_AUTOS = YES_AGGRESSIVE;
				GCC_WARN_UNUSED_FUNCTION = YES;
				GCC_WARN_UNUSED_VARIABLE = YES;
				IPHONEOS_DEPLOYMENT_TARGET = 13.1;
				MTL_ENABLE_DEBUG_INFO = NO;
				MTL_FAST_MATH = YES;
				SDKROOT = iphoneos;
				SWIFT_COMPILATION_MODE = wholemodule;
				SWIFT_OPTIMIZATION_LEVEL = "-O";
				VALIDATE_PRODUCT = YES;
			};
			name = Release;
		};
		49B774B12350752C0048833A /* Debug */ = {
			isa = XCBuildConfiguration;
			buildSettings = {
				ASSETCATALOG_COMPILER_APPICON_NAME = AppIcon;
				CODE_SIGN_STYLE = Automatic;
				DEVELOPMENT_ASSET_PATHS = "\"swiftui-tutorials/Preview Content\"";
				ENABLE_PREVIEWS = YES;
				INFOPLIST_FILE = "swiftui-tutorials/Info.plist";
				LD_RUNPATH_SEARCH_PATHS = (
					"$(inherited)",
					"@executable_path/Frameworks",
				);
				PRODUCT_BUNDLE_IDENTIFIER = "me.yo-ta.swiftui-tutorials";
				PRODUCT_NAME = "$(TARGET_NAME)";
				SWIFT_VERSION = 5.0;
				TARGETED_DEVICE_FAMILY = "1,2";
			};
			name = Debug;
		};
		49B774B22350752C0048833A /* Release */ = {
			isa = XCBuildConfiguration;
			buildSettings = {
				ASSETCATALOG_COMPILER_APPICON_NAME = AppIcon;
				CODE_SIGN_STYLE = Automatic;
				DEVELOPMENT_ASSET_PATHS = "\"swiftui-tutorials/Preview Content\"";
				ENABLE_PREVIEWS = YES;
				INFOPLIST_FILE = "swiftui-tutorials/Info.plist";
				LD_RUNPATH_SEARCH_PATHS = (
					"$(inherited)",
					"@executable_path/Frameworks",
				);
				PRODUCT_BUNDLE_IDENTIFIER = "me.yo-ta.swiftui-tutorials";
				PRODUCT_NAME = "$(TARGET_NAME)";
				SWIFT_VERSION = 5.0;
				TARGETED_DEVICE_FAMILY = "1,2";
			};
			name = Release;
		};
		49B774B42350752C0048833A /* Debug */ = {
			isa = XCBuildConfiguration;
			buildSettings = {
				ALWAYS_EMBED_SWIFT_STANDARD_LIBRARIES = YES;
				BUNDLE_LOADER = "$(TEST_HOST)";
				CODE_SIGN_STYLE = Automatic;
				INFOPLIST_FILE = "swiftui-tutorialsTests/Info.plist";
				IPHONEOS_DEPLOYMENT_TARGET = 13.1;
				LD_RUNPATH_SEARCH_PATHS = (
					"$(inherited)",
					"@executable_path/Frameworks",
					"@loader_path/Frameworks",
				);
				PRODUCT_BUNDLE_IDENTIFIER = "me.yo-ta.swiftui-tutorialsTests";
				PRODUCT_NAME = "$(TARGET_NAME)";
				SWIFT_VERSION = 5.0;
				TARGETED_DEVICE_FAMILY = "1,2";
				TEST_HOST = "$(BUILT_PRODUCTS_DIR)/swiftui-tutorials.app/swiftui-tutorials";
			};
			name = Debug;
		};
		49B774B52350752C0048833A /* Release */ = {
			isa = XCBuildConfiguration;
			buildSettings = {
				ALWAYS_EMBED_SWIFT_STANDARD_LIBRARIES = YES;
				BUNDLE_LOADER = "$(TEST_HOST)";
				CODE_SIGN_STYLE = Automatic;
				INFOPLIST_FILE = "swiftui-tutorialsTests/Info.plist";
				IPHONEOS_DEPLOYMENT_TARGET = 13.1;
				LD_RUNPATH_SEARCH_PATHS = (
					"$(inherited)",
					"@executable_path/Frameworks",
					"@loader_path/Frameworks",
				);
				PRODUCT_BUNDLE_IDENTIFIER = "me.yo-ta.swiftui-tutorialsTests";
				PRODUCT_NAME = "$(TARGET_NAME)";
				SWIFT_VERSION = 5.0;
				TARGETED_DEVICE_FAMILY = "1,2";
				TEST_HOST = "$(BUILT_PRODUCTS_DIR)/swiftui-tutorials.app/swiftui-tutorials";
			};
			name = Release;
		};
		49B774B72350752C0048833A /* Debug */ = {
			isa = XCBuildConfiguration;
			buildSettings = {
				ALWAYS_EMBED_SWIFT_STANDARD_LIBRARIES = YES;
				CODE_SIGN_STYLE = Automatic;
				INFOPLIST_FILE = "swiftui-tutorialsUITests/Info.plist";
				LD_RUNPATH_SEARCH_PATHS = (
					"$(inherited)",
					"@executable_path/Frameworks",
					"@loader_path/Frameworks",
				);
				PRODUCT_BUNDLE_IDENTIFIER = "me.yo-ta.swiftui-tutorialsUITests";
				PRODUCT_NAME = "$(TARGET_NAME)";
				SWIFT_VERSION = 5.0;
				TARGETED_DEVICE_FAMILY = "1,2";
				TEST_TARGET_NAME = "swiftui-tutorials";
			};
			name = Debug;
		};
		49B774B82350752C0048833A /* Release */ = {
			isa = XCBuildConfiguration;
			buildSettings = {
				ALWAYS_EMBED_SWIFT_STANDARD_LIBRARIES = YES;
				CODE_SIGN_STYLE = Automatic;
				INFOPLIST_FILE = "swiftui-tutorialsUITests/Info.plist";
				LD_RUNPATH_SEARCH_PATHS = (
					"$(inherited)",
					"@executable_path/Frameworks",
					"@loader_path/Frameworks",
				);
				PRODUCT_BUNDLE_IDENTIFIER = "me.yo-ta.swiftui-tutorialsUITests";
				PRODUCT_NAME = "$(TARGET_NAME)";
				SWIFT_VERSION = 5.0;
				TARGETED_DEVICE_FAMILY = "1,2";
				TEST_TARGET_NAME = "swiftui-tutorials";
			};
			name = Release;
		};
/* End XCBuildConfiguration section */

/* Begin XCConfigurationList section */
		49B7747E2350752A0048833A /* Build configuration list for PBXProject "swiftui-tutorials" */ = {
			isa = XCConfigurationList;
			buildConfigurations = (
				49B774AE2350752C0048833A /* Debug */,
				49B774AF2350752C0048833A /* Release */,
			);
			defaultConfigurationIsVisible = 0;
			defaultConfigurationName = Release;
		};
		49B774B02350752C0048833A /* Build configuration list for PBXNativeTarget "swiftui-tutorials" */ = {
			isa = XCConfigurationList;
			buildConfigurations = (
				49B774B12350752C0048833A /* Debug */,
				49B774B22350752C0048833A /* Release */,
			);
			defaultConfigurationIsVisible = 0;
			defaultConfigurationName = Release;
		};
		49B774B32350752C0048833A /* Build configuration list for PBXNativeTarget "swiftui-tutorialsTests" */ = {
			isa = XCConfigurationList;
			buildConfigurations = (
				49B774B42350752C0048833A /* Debug */,
				49B774B52350752C0048833A /* Release */,
			);
			defaultConfigurationIsVisible = 0;
			defaultConfigurationName = Release;
		};
		49B774B62350752C0048833A /* Build configuration list for PBXNativeTarget "swiftui-tutorialsUITests" */ = {
			isa = XCConfigurationList;
			buildConfigurations = (
				49B774B72350752C0048833A /* Debug */,
				49B774B82350752C0048833A /* Release */,
			);
			defaultConfigurationIsVisible = 0;
			defaultConfigurationName = Release;
		};
/* End XCConfigurationList section */

/* Begin XCVersionGroup section */
		49B7748A2350752A0048833A /* swiftui_tutorials.xcdatamodeld */ = {
			isa = XCVersionGroup;
			children = (
				49B7748B2350752A0048833A /* swiftui_tutorials.xcdatamodel */,
			);
			currentVersion = 49B7748B2350752A0048833A /* swiftui_tutorials.xcdatamodel */;
			path = swiftui_tutorials.xcdatamodeld;
			sourceTree = "<group>";
			versionGroupType = wrapper.xcdatamodel;
		};
/* End XCVersionGroup section */
	};
	rootObject = 49B7747B2350752A0048833A /* Project object */;
}
